
Microsoft Visual Studio Solution File, Format Version 12.00
# Visual Studio Version 17
VisualStudioVersion = 17.9.34607.119
MinimumVisualStudioVersion = 10.0.40219.1
Project("{FAE04EC0-301F-11D3-BF4B-00C04F79EFBC}") = "SistemaCadastro", "SistemaCadastro\SistemaCadastro.csproj", "{533CC722-B1CF-47A4-8AAD-17A5F998CB61}"
EndProject
Global
	GlobalSection(SolutionConfigurationPlatforms) = preSolution
		Debug|Any CPU = Debug|Any CPU
		Release|Any CPU = Release|Any CPU
	EndGlobalSection
	GlobalSection(ProjectConfigurationPlatforms) = postSolution
		{533CC722-B1CF-47A4-8AAD-17A5F998CB61}.Debug|Any CPU.ActiveCfg = Debug|Any CPU
		{533CC722-B1CF-47A4-8AAD-17A5F998CB61}.Debug|Any CPU.Build.0 = Debug|Any CPU
		{533CC722-B1CF-47A4-8AAD-17A5F998CB61}.Release|Any CPU.ActiveCfg = Release|Any CPU
		{533CC722-B1CF-47A4-8AAD-17A5F998CB61}.Release|Any CPU.Build.0 = Release|Any CPU
	EndGlobalSection
	GlobalSection(SolutionProperties) = preSolution
		HideSolutionNode = FALSE
	EndGlobalSection
	GlobalSection(ExtensibilityGlobals) = postSolution
		SolutionGuid = {57A0E835-BE61-416D-9EA3-EF9AF12922C2}
	EndGlobalSection
EndGlobal
